
Microsoft Visual Studio Solution File, Format Version 12.00
# Visual Studio 2013
VisualStudioVersion = 12.0.31101.0
MinimumVisualStudioVersion = 10.0.40219.1
Project("{FAE04EC0-301F-11D3-BF4B-00C04F79EFBC}") = "NineStars", "NineStars\NineStars.csproj", "{04993627-D811-467F-A918-EB1EC6063410}"
EndProject
Project("{FAE04EC0-301F-11D3-BF4B-00C04F79EFBC}") = "HelloNancy", "HelloNancy\HelloNancy.csproj", "{DE854659-8984-41CC-BFBB-8C2A6A893FB8}"
EndProject
Global
	GlobalSection(SolutionConfigurationPlatforms) = preSolution
		Debug|Any CPU = Debug|Any CPU
		Release|Any CPU = Release|Any CPU
	EndGlobalSection
	GlobalSection(ProjectConfigurationPlatforms) = postSolution
		{04993627-D811-467F-A918-EB1EC6063410}.Debug|Any CPU.ActiveCfg = Debug|Any CPU
		{04993627-D811-467F-A918-EB1EC6063410}.Debug|Any CPU.Build.0 = Debug|Any CPU
		{04993627-D811-467F-A918-EB1EC6063410}.Release|Any CPU.ActiveCfg = Release|Any CPU
		{04993627-D811-467F-A918-EB1EC6063410}.Release|Any CPU.Build.0 = Release|Any CPU
		{DE854659-8984-41CC-BFBB-8C2A6A893FB8}.Debug|Any CPU.ActiveCfg = Debug|Any CPU
		{DE854659-8984-41CC-BFBB-8C2A6A893FB8}.Debug|Any CPU.Build.0 = Debug|Any CPU
		{DE854659-8984-41CC-BFBB-8C2A6A893FB8}.Release|Any CPU.ActiveCfg = Release|Any CPU
		{DE854659-8984-41CC-BFBB-8C2A6A893FB8}.Release|Any CPU.Build.0 = Release|Any CPU
	EndGlobalSection
	GlobalSection(SolutionProperties) = preSolution
		HideSolutionNode = FALSE
	EndGlobalSection
EndGlobal
